// !$*UTF8*$!
{
	archiveVersion = 1;
	classes = {
	};
	objectVersion = 56;
	objects = {

/* Begin PBXBuildFile section */
		23817ADA2994D99E001B54D6 /* OrderHistory.swift in Sources */ = {isa = PBXBuildFile; fileRef = 23817AD92994D99E001B54D6 /* OrderHistory.swift */; };
		23BC416929A4CD8C0075F0C8 /* formH.swift in Sources */ = {isa = PBXBuildFile; fileRef = 23BC416829A4CD8C0075F0C8 /* formH.swift */; };
		23BC416B29A4CE280075F0C8 /* TotallyNewView.swift in Sources */ = {isa = PBXBuildFile; fileRef = 23BC416A29A4CE280075F0C8 /* TotallyNewView.swift */; };
		23BC416D29A4CEDD0075F0C8 /* pass.swift in Sources */ = {isa = PBXBuildFile; fileRef = 23BC416C29A4CEDD0075F0C8 /* pass.swift */; };
		590A06D529918DD7006E9B7B /* headerView.swift in Sources */ = {isa = PBXBuildFile; fileRef = 590A06D429918DD7006E9B7B /* headerView.swift */; };
		590A06D7299194DB006E9B7B /* mainPage.swift in Sources */ = {isa = PBXBuildFile; fileRef = 590A06D6299194DB006E9B7B /* mainPage.swift */; };
		590A06D929919603006E9B7B /* orderCardView.swift in Sources */ = {isa = PBXBuildFile; fileRef = 590A06D829919603006E9B7B /* orderCardView.swift */; };
		590A06DB299231E6006E9B7B /* myOrderCardView.swift in Sources */ = {isa = PBXBuildFile; fileRef = 590A06DA299231E6006E9B7B /* myOrderCardView.swift */; };
		590A06DD29924234006E9B7B /* TabBar.swift in Sources */ = {isa = PBXBuildFile; fileRef = 590A06DC29924234006E9B7B /* TabBar.swift */; };
		590A06DF29924314006E9B7B /* TabView.swift in Sources */ = {isa = PBXBuildFile; fileRef = 590A06DE29924314006E9B7B /* TabView.swift */; };
		590A078C299E1F2E006E9B7B /* FirebaseAnalytics in Frameworks */ = {isa = PBXBuildFile; productRef = 590A078B299E1F2E006E9B7B /* FirebaseAnalytics */; };
		590A078E299E1F2E006E9B7B /* FirebaseAuth in Frameworks */ = {isa = PBXBuildFile; productRef = 590A078D299E1F2E006E9B7B /* FirebaseAuth */; };
		590A0790299E1F2E006E9B7B /* FirebaseDatabase in Frameworks */ = {isa = PBXBuildFile; productRef = 590A078F299E1F2E006E9B7B /* FirebaseDatabase */; };
		590A0792299E1F2E006E9B7B /* FirebaseFirestore in Frameworks */ = {isa = PBXBuildFile; productRef = 590A0791299E1F2E006E9B7B /* FirebaseFirestore */; };
		590A0794299E1F2E006E9B7B /* FirebaseMessaging in Frameworks */ = {isa = PBXBuildFile; productRef = 590A0793299E1F2E006E9B7B /* FirebaseMessaging */; };
		590A0796299E1F2E006E9B7B /* FirebaseStorage in Frameworks */ = {isa = PBXBuildFile; productRef = 590A0795299E1F2E006E9B7B /* FirebaseStorage */; };
		590A0799299E21B8006E9B7B /* UserAuth.swift in Sources */ = {isa = PBXBuildFile; fileRef = 590A0798299E21B8006E9B7B /* UserAuth.swift */; };
		590A079B299E2A53006E9B7B /* loginView.swift in Sources */ = {isa = PBXBuildFile; fileRef = 590A079A299E2A53006E9B7B /* loginView.swift */; };
		59C81CAD29ABB0C5004FF4EA /* PreviewLayoutComponentModifier.swift in Sources */ = {isa = PBXBuildFile; fileRef = 59C81CAC29ABB0C5004FF4EA /* PreviewLayoutComponentModifier.swift */; };
		59C81CAF29ABB0EC004FF4EA /* CloseModifier.swift in Sources */ = {isa = PBXBuildFile; fileRef = 59C81CAE29ABB0EC004FF4EA /* CloseModifier.swift */; };
		59C81CB129ABB119004FF4EA /* InputTextFieldView.swift in Sources */ = {isa = PBXBuildFile; fileRef = 59C81CB029ABB119004FF4EA /* InputTextFieldView.swift */; };
		59C81CB329ABB13E004FF4EA /* InputPasswordView.swift in Sources */ = {isa = PBXBuildFile; fileRef = 59C81CB229ABB13D004FF4EA /* InputPasswordView.swift */; };
		59C81CB529ABB16E004FF4EA /* ButtonView.swift in Sources */ = {isa = PBXBuildFile; fileRef = 59C81CB429ABB16E004FF4EA /* ButtonView.swift */; };
		59C81CB929ABB1C9004FF4EA /* SessionService.swift in Sources */ = {isa = PBXBuildFile; fileRef = 59C81CB829ABB1C9004FF4EA /* SessionService.swift */; };
		59C81CBB29ABB1EE004FF4EA /* SessionUserDetails.swift in Sources */ = {isa = PBXBuildFile; fileRef = 59C81CBA29ABB1EE004FF4EA /* SessionUserDetails.swift */; };
		59C81CC029ABB248004FF4EA /* ForgotPasswordView.swift in Sources */ = {isa = PBXBuildFile; fileRef = 59C81CBF29ABB248004FF4EA /* ForgotPasswordView.swift */; };
		59C81CC229ABB26E004FF4EA /* ForgotPasswordService.swift in Sources */ = {isa = PBXBuildFile; fileRef = 59C81CC129ABB26E004FF4EA /* ForgotPasswordService.swift */; };
		59C81CC429ABB28A004FF4EA /* ForgotPasswordViewModel.swift in Sources */ = {isa = PBXBuildFile; fileRef = 59C81CC329ABB28A004FF4EA /* ForgotPasswordViewModel.swift */; };
		59C81CC729ABB2DA004FF4EA /* HomeView.swift in Sources */ = {isa = PBXBuildFile; fileRef = 59C81CC629ABB2DA004FF4EA /* HomeView.swift */; };
		59C81CCD29ABB340004FF4EA /* RegisterView.swift in Sources */ = {isa = PBXBuildFile; fileRef = 59C81CCC29ABB340004FF4EA /* RegisterView.swift */; };
		59C81CD029ABB380004FF4EA /* RegistrationDetails.swift in Sources */ = {isa = PBXBuildFile; fileRef = 59C81CCF29ABB380004FF4EA /* RegistrationDetails.swift */; };
		59C81CD229ABB437004FF4EA /* RegistrationService.swift in Sources */ = {isa = PBXBuildFile; fileRef = 59C81CD129ABB437004FF4EA /* RegistrationService.swift */; };
		59C81CD429ABB469004FF4EA /* RegistrationViewModel.swift in Sources */ = {isa = PBXBuildFile; fileRef = 59C81CD329ABB469004FF4EA /* RegistrationViewModel.swift */; };
		59C81CDA29ABB4ED004FF4EA /* LoginView.swift in Sources */ = {isa = PBXBuildFile; fileRef = 59C81CD929ABB4ED004FF4EA /* LoginView.swift */; };
		59C81CDC29ABB511004FF4EA /* LoginCredentials.swift in Sources */ = {isa = PBXBuildFile; fileRef = 59C81CDB29ABB511004FF4EA /* LoginCredentials.swift */; };
		59C81CDE29ABB535004FF4EA /* LoginService.swift in Sources */ = {isa = PBXBuildFile; fileRef = 59C81CDD29ABB535004FF4EA /* LoginService.swift */; };
		59C81CE029ABB556004FF4EA /* LoginViewModel.swift in Sources */ = {isa = PBXBuildFile; fileRef = 59C81CDF29ABB556004FF4EA /* LoginViewModel.swift */; };
		59C81CE229ABC5C7004FF4EA /* GoogleService-Info.plist in Resources */ = {isa = PBXBuildFile; fileRef = 59C81CE129ABC5C7004FF4EA /* GoogleService-Info.plist */; };
		59C81CE729AC0BD8004FF4EA /* Order.swift in Sources */ = {isa = PBXBuildFile; fileRef = 59C81CE629AC0BD8004FF4EA /* Order.swift */; };
		59C81CEA29AC278D004FF4EA /* CustomInputView.swift in Sources */ = {isa = PBXBuildFile; fileRef = 59C81CE929AC278D004FF4EA /* CustomInputView.swift */; };
		59C81CEC29AC2A98004FF4EA /* FormHeaderView.swift in Sources */ = {isa = PBXBuildFile; fileRef = 59C81CEB29AC2A98004FF4EA /* FormHeaderView.swift */; };
		A4FF671829A9113E009B58A2 /* ChatH.swift in Sources */ = {isa = PBXBuildFile; fileRef = A4FF671729A9113E009B58A2 /* ChatH.swift */; };
		A4FF671A29A911A4009B58A2 /* chat.swift in Sources */ = {isa = PBXBuildFile; fileRef = A4FF671929A911A4009B58A2 /* chat.swift */; };
		A4FF671C29A9121B009B58A2 /* messages1.swift in Sources */ = {isa = PBXBuildFile; fileRef = A4FF671B29A9121B009B58A2 /* messages1.swift */; };
		F5D0354529A38EAC005EE35D /* StreamChatSwiftUI in Frameworks */ = {isa = PBXBuildFile; productRef = F5D0354429A38EAC005EE35D /* StreamChatSwiftUI */; };
		F5D0354729A39343005EE35D /* appchat.swift in Sources */ = {isa = PBXBuildFile; fileRef = F5D0354629A39343005EE35D /* appchat.swift */; };
		F5EE5E34298FEC8F00C41454 /* CrewApp.swift in Sources */ = {isa = PBXBuildFile; fileRef = F5EE5E33298FEC8F00C41454 /* CrewApp.swift */; };
		F5EE5E36298FEC8F00C41454 /* ContentView.swift in Sources */ = {isa = PBXBuildFile; fileRef = F5EE5E35298FEC8F00C41454 /* ContentView.swift */; };
		F5EE5E38298FEC9000C41454 /* Assets.xcassets in Resources */ = {isa = PBXBuildFile; fileRef = F5EE5E37298FEC9000C41454 /* Assets.xcassets */; };
		F5EE5E3B298FEC9000C41454 /* Preview Assets.xcassets in Resources */ = {isa = PBXBuildFile; fileRef = F5EE5E3A298FEC9000C41454 /* Preview Assets.xcassets */; };
		F5EE5E4D299105CD00C41454 /* MainView.swift in Sources */ = {isa = PBXBuildFile; fileRef = F5EE5E4C299105CD00C41454 /* MainView.swift */; };
		F5EE5E6E2994CD0500C41454 /* FORM.swift in Sources */ = {isa = PBXBuildFile; fileRef = F5EE5E6D2994CD0500C41454 /* FORM.swift */; };
		F5EE5E76299FBCF700C41454 /* location.swift in Sources */ = {isa = PBXBuildFile; fileRef = F5EE5E75299FBCF700C41454 /* location.swift */; };
		F5EE5E79299FC4E000C41454 /* contentview5.swift in Sources */ = {isa = PBXBuildFile; fileRef = F5EE5E78299FC4E000C41454 /* contentview5.swift */; };
		F5EE5E7D29A2016F00C41454 /* login.swift in Sources */ = {isa = PBXBuildFile; fileRef = F5EE5E7C29A2016F00C41454 /* login.swift */; };
		F5EE5E7F29A204B300C41454 /* register page.swift in Sources */ = {isa = PBXBuildFile; fileRef = F5EE5E7E29A204B300C41454 /* register page.swift */; };
/* End PBXBuildFile section */

/* Begin PBXFileReference section */
		23817AD92994D99E001B54D6 /* OrderHistory.swift */ = {isa = PBXFileReference; lastKnownFileType = sourcecode.swift; path = OrderHistory.swift; sourceTree = "<group>"; };
		23BC416829A4CD8C0075F0C8 /* formH.swift */ = {isa = PBXFileReference; lastKnownFileType = sourcecode.swift; path = formH.swift; sourceTree = "<group>"; };
		23BC416A29A4CE280075F0C8 /* TotallyNewView.swift */ = {isa = PBXFileReference; lastKnownFileType = sourcecode.swift; path = TotallyNewView.swift; sourceTree = "<group>"; };
		23BC416C29A4CEDD0075F0C8 /* pass.swift */ = {isa = PBXFileReference; lastKnownFileType = sourcecode.swift; path = pass.swift; sourceTree = "<group>"; };
		590A06D429918DD7006E9B7B /* headerView.swift */ = {isa = PBXFileReference; lastKnownFileType = sourcecode.swift; path = headerView.swift; sourceTree = "<group>"; };
		590A06D6299194DB006E9B7B /* mainPage.swift */ = {isa = PBXFileReference; lastKnownFileType = sourcecode.swift; path = mainPage.swift; sourceTree = "<group>"; };
		590A06D829919603006E9B7B /* orderCardView.swift */ = {isa = PBXFileReference; lastKnownFileType = sourcecode.swift; path = orderCardView.swift; sourceTree = "<group>"; };
		590A06DA299231E6006E9B7B /* myOrderCardView.swift */ = {isa = PBXFileReference; lastKnownFileType = sourcecode.swift; path = myOrderCardView.swift; sourceTree = "<group>"; };
		590A06DC29924234006E9B7B /* TabBar.swift */ = {isa = PBXFileReference; lastKnownFileType = sourcecode.swift; path = TabBar.swift; sourceTree = "<group>"; };
		590A06DE29924314006E9B7B /* TabView.swift */ = {isa = PBXFileReference; lastKnownFileType = sourcecode.swift; path = TabView.swift; sourceTree = "<group>"; };
		590A0797299E216C006E9B7B /* Crew.entitlements */ = {isa = PBXFileReference; lastKnownFileType = text.plist.entitlements; path = Crew.entitlements; sourceTree = "<group>"; };
		590A0798299E21B8006E9B7B /* UserAuth.swift */ = {isa = PBXFileReference; lastKnownFileType = sourcecode.swift; path = UserAuth.swift; sourceTree = "<group>"; };
		590A079A299E2A53006E9B7B /* loginView.swift */ = {isa = PBXFileReference; lastKnownFileType = sourcecode.swift; path = loginView.swift; sourceTree = "<group>"; };
		59C81CAC29ABB0C5004FF4EA /* PreviewLayoutComponentModifier.swift */ = {isa = PBXFileReference; lastKnownFileType = sourcecode.swift; path = PreviewLayoutComponentModifier.swift; sourceTree = "<group>"; };
		59C81CAE29ABB0EC004FF4EA /* CloseModifier.swift */ = {isa = PBXFileReference; lastKnownFileType = sourcecode.swift; path = CloseModifier.swift; sourceTree = "<group>"; };
		59C81CB029ABB119004FF4EA /* InputTextFieldView.swift */ = {isa = PBXFileReference; lastKnownFileType = sourcecode.swift; path = InputTextFieldView.swift; sourceTree = "<group>"; };
		59C81CB229ABB13D004FF4EA /* InputPasswordView.swift */ = {isa = PBXFileReference; lastKnownFileType = sourcecode.swift; path = InputPasswordView.swift; sourceTree = "<group>"; };
		59C81CB429ABB16E004FF4EA /* ButtonView.swift */ = {isa = PBXFileReference; lastKnownFileType = sourcecode.swift; path = ButtonView.swift; sourceTree = "<group>"; };
		59C81CB829ABB1C9004FF4EA /* SessionService.swift */ = {isa = PBXFileReference; lastKnownFileType = sourcecode.swift; path = SessionService.swift; sourceTree = "<group>"; };
		59C81CBA29ABB1EE004FF4EA /* SessionUserDetails.swift */ = {isa = PBXFileReference; lastKnownFileType = sourcecode.swift; path = SessionUserDetails.swift; sourceTree = "<group>"; };
		59C81CBF29ABB248004FF4EA /* ForgotPasswordView.swift */ = {isa = PBXFileReference; lastKnownFileType = sourcecode.swift; path = ForgotPasswordView.swift; sourceTree = "<group>"; };
		59C81CC129ABB26E004FF4EA /* ForgotPasswordService.swift */ = {isa = PBXFileReference; lastKnownFileType = sourcecode.swift; path = ForgotPasswordService.swift; sourceTree = "<group>"; };
		59C81CC329ABB28A004FF4EA /* ForgotPasswordViewModel.swift */ = {isa = PBXFileReference; lastKnownFileType = sourcecode.swift; path = ForgotPasswordViewModel.swift; sourceTree = "<group>"; };
		59C81CC629ABB2DA004FF4EA /* HomeView.swift */ = {isa = PBXFileReference; lastKnownFileType = sourcecode.swift; path = HomeView.swift; sourceTree = "<group>"; };
		59C81CCC29ABB340004FF4EA /* RegisterView.swift */ = {isa = PBXFileReference; lastKnownFileType = sourcecode.swift; path = RegisterView.swift; sourceTree = "<group>"; };
		59C81CCF29ABB380004FF4EA /* RegistrationDetails.swift */ = {isa = PBXFileReference; lastKnownFileType = sourcecode.swift; path = RegistrationDetails.swift; sourceTree = "<group>"; };
		59C81CD129ABB437004FF4EA /* RegistrationService.swift */ = {isa = PBXFileReference; lastKnownFileType = sourcecode.swift; path = RegistrationService.swift; sourceTree = "<group>"; };
		59C81CD329ABB469004FF4EA /* RegistrationViewModel.swift */ = {isa = PBXFileReference; lastKnownFileType = sourcecode.swift; path = RegistrationViewModel.swift; sourceTree = "<group>"; };
		59C81CD929ABB4ED004FF4EA /* LoginView.swift */ = {isa = PBXFileReference; lastKnownFileType = sourcecode.swift; path = LoginView.swift; sourceTree = "<group>"; };
		59C81CDB29ABB511004FF4EA /* LoginCredentials.swift */ = {isa = PBXFileReference; lastKnownFileType = sourcecode.swift; path = LoginCredentials.swift; sourceTree = "<group>"; };
		59C81CDD29ABB535004FF4EA /* LoginService.swift */ = {isa = PBXFileReference; lastKnownFileType = sourcecode.swift; path = LoginService.swift; sourceTree = "<group>"; };
		59C81CDF29ABB556004FF4EA /* LoginViewModel.swift */ = {isa = PBXFileReference; lastKnownFileType = sourcecode.swift; path = LoginViewModel.swift; sourceTree = "<group>"; };
		59C81CE129ABC5C7004FF4EA /* GoogleService-Info.plist */ = {isa = PBXFileReference; fileEncoding = 4; lastKnownFileType = text.plist.xml; path = "GoogleService-Info.plist"; sourceTree = "<group>"; };
		59C81CE629AC0BD8004FF4EA /* Order.swift */ = {isa = PBXFileReference; lastKnownFileType = sourcecode.swift; path = Order.swift; sourceTree = "<group>"; };
		59C81CE929AC278D004FF4EA /* CustomInputView.swift */ = {isa = PBXFileReference; lastKnownFileType = sourcecode.swift; path = CustomInputView.swift; sourceTree = "<group>"; };
		59C81CEB29AC2A98004FF4EA /* FormHeaderView.swift */ = {isa = PBXFileReference; lastKnownFileType = sourcecode.swift; path = FormHeaderView.swift; sourceTree = "<group>"; };
		A4FF671729A9113E009B58A2 /* ChatH.swift */ = {isa = PBXFileReference; lastKnownFileType = sourcecode.swift; path = ChatH.swift; sourceTree = "<group>"; };
		A4FF671929A911A4009B58A2 /* chat.swift */ = {isa = PBXFileReference; lastKnownFileType = sourcecode.swift; path = chat.swift; sourceTree = "<group>"; };
		A4FF671B29A9121B009B58A2 /* messages1.swift */ = {isa = PBXFileReference; lastKnownFileType = sourcecode.swift; path = messages1.swift; sourceTree = "<group>"; };
		F5D0354629A39343005EE35D /* appchat.swift */ = {isa = PBXFileReference; lastKnownFileType = sourcecode.swift; path = appchat.swift; sourceTree = "<group>"; };
		F5EE5E30298FEC8F00C41454 /* Crew.app */ = {isa = PBXFileReference; explicitFileType = wrapper.application; includeInIndex = 0; path = Crew.app; sourceTree = BUILT_PRODUCTS_DIR; };
		F5EE5E33298FEC8F00C41454 /* CrewApp.swift */ = {isa = PBXFileReference; lastKnownFileType = sourcecode.swift; path = CrewApp.swift; sourceTree = "<group>"; };
		F5EE5E35298FEC8F00C41454 /* ContentView.swift */ = {isa = PBXFileReference; lastKnownFileType = sourcecode.swift; path = ContentView.swift; sourceTree = "<group>"; };
		F5EE5E37298FEC9000C41454 /* Assets.xcassets */ = {isa = PBXFileReference; lastKnownFileType = folder.assetcatalog; path = Assets.xcassets; sourceTree = "<group>"; };
		F5EE5E3A298FEC9000C41454 /* Preview Assets.xcassets */ = {isa = PBXFileReference; lastKnownFileType = folder.assetcatalog; path = "Preview Assets.xcassets"; sourceTree = "<group>"; };
		F5EE5E4C299105CD00C41454 /* MainView.swift */ = {isa = PBXFileReference; lastKnownFileType = sourcecode.swift; path = MainView.swift; sourceTree = "<group>"; };
		F5EE5E6D2994CD0500C41454 /* FORM.swift */ = {isa = PBXFileReference; lastKnownFileType = sourcecode.swift; path = FORM.swift; sourceTree = "<group>"; };
		F5EE5E75299FBCF700C41454 /* location.swift */ = {isa = PBXFileReference; lastKnownFileType = sourcecode.swift; path = location.swift; sourceTree = "<group>"; };
		F5EE5E78299FC4E000C41454 /* contentview5.swift */ = {isa = PBXFileReference; lastKnownFileType = sourcecode.swift; path = contentview5.swift; sourceTree = "<group>"; };
		F5EE5E7C29A2016F00C41454 /* login.swift */ = {isa = PBXFileReference; lastKnownFileType = sourcecode.swift; path = login.swift; sourceTree = "<group>"; };
		F5EE5E7E29A204B300C41454 /* register page.swift */ = {isa = PBXFileReference; lastKnownFileType = sourcecode.swift; path = "register page.swift"; sourceTree = "<group>"; };
/* End PBXFileReference section */

/* Begin PBXFrameworksBuildPhase section */
		F5EE5E2D298FEC8F00C41454 /* Frameworks */ = {
			isa = PBXFrameworksBuildPhase;
			buildActionMask = 2147483647;
			files = (
				F5D0354529A38EAC005EE35D /* StreamChatSwiftUI in Frameworks */,
				590A0790299E1F2E006E9B7B /* FirebaseDatabase in Frameworks */,
				590A0792299E1F2E006E9B7B /* FirebaseFirestore in Frameworks */,
				590A0794299E1F2E006E9B7B /* FirebaseMessaging in Frameworks */,
				590A078C299E1F2E006E9B7B /* FirebaseAnalytics in Frameworks */,
				590A078E299E1F2E006E9B7B /* FirebaseAuth in Frameworks */,
				590A0796299E1F2E006E9B7B /* FirebaseStorage in Frameworks */,
			);
			runOnlyForDeploymentPostprocessing = 0;
		};
/* End PBXFrameworksBuildPhase section */

/* Begin PBXGroup section */
		23BC416E29A4CF420075F0C8 /* ForOrderHistory */ = {
			isa = PBXGroup;
			children = (
				23BC416829A4CD8C0075F0C8 /* formH.swift */,
				23BC416C29A4CEDD0075F0C8 /* pass.swift */,
				23BC416A29A4CE280075F0C8 /* TotallyNewView.swift */,
			);
			path = ForOrderHistory;
			sourceTree = "<group>";
		};
		590A06CB299100AF006E9B7B /* Component */ = {
			isa = PBXGroup;
			children = (
				590A06D429918DD7006E9B7B /* headerView.swift */,
			);
			path = Component;
			sourceTree = "<group>";
		};
		59C81CA229ABAF74004FF4EA /* Authentication */ = {
			isa = PBXGroup;
			children = (
				59C81CA329ABAFBA004FF4EA /* Base */,
				59C81CA429ABAFC1004FF4EA /* Feature */,
			);
			path = Authentication;
			sourceTree = "<group>";
		};
		59C81CA329ABAFBA004FF4EA /* Base */ = {
			isa = PBXGroup;
			children = (
				59C81CA629ABAFE2004FF4EA /* Modifier */,
				59C81CA529ABAFD8004FF4EA /* Views */,
			);
			path = Base;
			sourceTree = "<group>";
		};
		59C81CA429ABAFC1004FF4EA /* Feature */ = {
			isa = PBXGroup;
			children = (
				59C81CAB29ABB02E004FF4EA /* Session */,
				59C81CAA29ABB01B004FF4EA /* ForgotPassword */,
				59C81CA929ABB013004FF4EA /* Home */,
				59C81CA829ABB008004FF4EA /* Register */,
				59C81CA729ABAFFF004FF4EA /* Login */,
			);
			path = Feature;
			sourceTree = "<group>";
		};
		59C81CA529ABAFD8004FF4EA /* Views */ = {
			isa = PBXGroup;
			children = (
				59C81CB029ABB119004FF4EA /* InputTextFieldView.swift */,
				59C81CB229ABB13D004FF4EA /* InputPasswordView.swift */,
				59C81CB429ABB16E004FF4EA /* ButtonView.swift */,
			);
			path = Views;
			sourceTree = "<group>";
		};
		59C81CA629ABAFE2004FF4EA /* Modifier */ = {
			isa = PBXGroup;
			children = (
				59C81CAC29ABB0C5004FF4EA /* PreviewLayoutComponentModifier.swift */,
				59C81CAE29ABB0EC004FF4EA /* CloseModifier.swift */,
			);
			path = Modifier;
			sourceTree = "<group>";
		};
		59C81CA729ABAFFF004FF4EA /* Login */ = {
			isa = PBXGroup;
			children = (
				59C81CD829ABB4C6004FF4EA /* ViewModel */,
				59C81CD729ABB4B6004FF4EA /* Service */,
				59C81CD629ABB4AE004FF4EA /* Model */,
				59C81CD529ABB49C004FF4EA /* View */,
			);
			path = Login;
			sourceTree = "<group>";
		};
		59C81CA829ABB008004FF4EA /* Register */ = {
			isa = PBXGroup;
			children = (
				59C81CCB29ABB321004FF4EA /* ViewModel */,
				59C81CCA29ABB319004FF4EA /* Service */,
				59C81CC929ABB311004FF4EA /* Model */,
				59C81CC829ABB309004FF4EA /* View */,
			);
			path = Register;
			sourceTree = "<group>";
		};
		59C81CA929ABB013004FF4EA /* Home */ = {
			isa = PBXGroup;
			children = (
				59C81CC529ABB2C6004FF4EA /* View */,
			);
			path = Home;
			sourceTree = "<group>";
		};
		59C81CAA29ABB01B004FF4EA /* ForgotPassword */ = {
			isa = PBXGroup;
			children = (
				59C81CBE29ABB229004FF4EA /* ViewModel */,
				59C81CBD29ABB220004FF4EA /* Service */,
				59C81CBC29ABB219004FF4EA /* View */,
			);
			path = ForgotPassword;
			sourceTree = "<group>";
		};
		59C81CAB29ABB02E004FF4EA /* Session */ = {
			isa = PBXGroup;
			children = (
				59C81CB729ABB1AB004FF4EA /* Service */,
				59C81CB629ABB194004FF4EA /* Model */,
			);
			path = Session;
			sourceTree = "<group>";
		};
		59C81CB629ABB194004FF4EA /* Model */ = {
			isa = PBXGroup;
			children = (
				59C81CBA29ABB1EE004FF4EA /* SessionUserDetails.swift */,
			);
			path = Model;
			sourceTree = "<group>";
		};
		59C81CB729ABB1AB004FF4EA /* Service */ = {
			isa = PBXGroup;
			children = (
				59C81CB829ABB1C9004FF4EA /* SessionService.swift */,
			);
			path = Service;
			sourceTree = "<group>";
		};
		59C81CBC29ABB219004FF4EA /* View */ = {
			isa = PBXGroup;
			children = (
				59C81CBF29ABB248004FF4EA /* ForgotPasswordView.swift */,
			);
			path = View;
			sourceTree = "<group>";
		};
		59C81CBD29ABB220004FF4EA /* Service */ = {
			isa = PBXGroup;
			children = (
				59C81CC129ABB26E004FF4EA /* ForgotPasswordService.swift */,
			);
			path = Service;
			sourceTree = "<group>";
		};
		59C81CBE29ABB229004FF4EA /* ViewModel */ = {
			isa = PBXGroup;
			children = (
				59C81CC329ABB28A004FF4EA /* ForgotPasswordViewModel.swift */,
			);
			path = ViewModel;
			sourceTree = "<group>";
		};
		59C81CC529ABB2C6004FF4EA /* View */ = {
			isa = PBXGroup;
			children = (
				59C81CC629ABB2DA004FF4EA /* HomeView.swift */,
			);
			path = View;
			sourceTree = "<group>";
		};
		59C81CC829ABB309004FF4EA /* View */ = {
			isa = PBXGroup;
			children = (
				59C81CCC29ABB340004FF4EA /* RegisterView.swift */,
			);
			path = View;
			sourceTree = "<group>";
		};
		59C81CC929ABB311004FF4EA /* Model */ = {
			isa = PBXGroup;
			children = (
				59C81CCF29ABB380004FF4EA /* RegistrationDetails.swift */,
			);
			path = Model;
			sourceTree = "<group>";
		};
		59C81CCA29ABB319004FF4EA /* Service */ = {
			isa = PBXGroup;
			children = (
				59C81CD129ABB437004FF4EA /* RegistrationService.swift */,
			);
			path = Service;
			sourceTree = "<group>";
		};
		59C81CCB29ABB321004FF4EA /* ViewModel */ = {
			isa = PBXGroup;
			children = (
				59C81CD329ABB469004FF4EA /* RegistrationViewModel.swift */,
			);
			path = ViewModel;
			sourceTree = "<group>";
		};
		59C81CD529ABB49C004FF4EA /* View */ = {
			isa = PBXGroup;
			children = (
				59C81CD929ABB4ED004FF4EA /* LoginView.swift */,
			);
			path = View;
			sourceTree = "<group>";
		};
		59C81CD629ABB4AE004FF4EA /* Model */ = {
			isa = PBXGroup;
			children = (
				59C81CDB29ABB511004FF4EA /* LoginCredentials.swift */,
			);
			path = Model;
			sourceTree = "<group>";
		};
		59C81CD729ABB4B6004FF4EA /* Service */ = {
			isa = PBXGroup;
			children = (
				59C81CDD29ABB535004FF4EA /* LoginService.swift */,
			);
			path = Service;
			sourceTree = "<group>";
		};
		59C81CD829ABB4C6004FF4EA /* ViewModel */ = {
			isa = PBXGroup;
			children = (
				59C81CDF29ABB556004FF4EA /* LoginViewModel.swift */,
			);
			path = ViewModel;
			sourceTree = "<group>";
		};
		59C81CE529AC0B12004FF4EA /* Order */ = {
			isa = PBXGroup;
			children = (
				590A06D829919603006E9B7B /* orderCardView.swift */,
				590A06DA299231E6006E9B7B /* myOrderCardView.swift */,
				59C81CE629AC0BD8004FF4EA /* Order.swift */,
			);
			path = Order;
			sourceTree = "<group>";
		};
		59C81CE829AC2739004FF4EA /* FormComponent */ = {
			isa = PBXGroup;
			children = (
				59C81CE929AC278D004FF4EA /* CustomInputView.swift */,
				59C81CEB29AC2A98004FF4EA /* FormHeaderView.swift */,
			);
			path = FormComponent;
			sourceTree = "<group>";
		};
		F5EE5E27298FEC8F00C41454 = {
			isa = PBXGroup;
			children = (
				F5EE5E32298FEC8F00C41454 /* Crew */,
				F5EE5E31298FEC8F00C41454 /* Products */,
				F5EE5E4B2991059700C41454 /* Recovered References */,
			);
			sourceTree = "<group>";
		};
		F5EE5E31298FEC8F00C41454 /* Products */ = {
			isa = PBXGroup;
			children = (
				F5EE5E30298FEC8F00C41454 /* Crew.app */,
			);
			name = Products;
			sourceTree = "<group>";
		};
		F5EE5E32298FEC8F00C41454 /* Crew */ = {
			isa = PBXGroup;
			children = (
				590A0797299E216C006E9B7B /* Crew.entitlements */,
				F5EE5E33298FEC8F00C41454 /* CrewApp.swift */,
				59C81CA229ABAF74004FF4EA /* Authentication */,
				F5D0354629A39343005EE35D /* appchat.swift */,
				F5EE5E75299FBCF700C41454 /* location.swift */,
				F5EE5E78299FC4E000C41454 /* contentview5.swift */,
				F5EE5E7C29A2016F00C41454 /* login.swift */,
				F5EE5E7E29A204B300C41454 /* register page.swift */,
				F5EE5E35298FEC8F00C41454 /* ContentView.swift */,
				F5EE5E4C299105CD00C41454 /* MainView.swift */,
				F5EE5E6D2994CD0500C41454 /* FORM.swift */,
				59C81CE829AC2739004FF4EA /* FormComponent */,
				590A06D6299194DB006E9B7B /* mainPage.swift */,
				590A06DC29924234006E9B7B /* TabBar.swift */,
				590A06DE29924314006E9B7B /* TabView.swift */,
				23817AD92994D99E001B54D6 /* OrderHistory.swift */,
				590A0798299E21B8006E9B7B /* UserAuth.swift */,
				590A079A299E2A53006E9B7B /* loginView.swift */,
				A4FF671729A9113E009B58A2 /* ChatH.swift */,
				A4FF671929A911A4009B58A2 /* chat.swift */,
				A4FF671B29A9121B009B58A2 /* messages1.swift */,
				59C81CE529AC0B12004FF4EA /* Order */,
				59C81CE129ABC5C7004FF4EA /* GoogleService-Info.plist */,
				23BC416E29A4CF420075F0C8 /* ForOrderHistory */,
				590A06CB299100AF006E9B7B /* Component */,
				F5EE5E37298FEC9000C41454 /* Assets.xcassets */,
				F5EE5E39298FEC9000C41454 /* Preview Content */,
			);
			path = Crew;
			sourceTree = "<group>";
		};
		F5EE5E39298FEC9000C41454 /* Preview Content */ = {
			isa = PBXGroup;
			children = (
				F5EE5E3A298FEC9000C41454 /* Preview Assets.xcassets */,
			);
			path = "Preview Content";
			sourceTree = "<group>";
		};
		F5EE5E4B2991059700C41454 /* Recovered References */ = {
			isa = PBXGroup;
			children = (
			);
			name = "Recovered References";
			sourceTree = "<group>";
		};
/* End PBXGroup section */

/* Begin PBXNativeTarget section */
		F5EE5E2F298FEC8F00C41454 /* Crew */ = {
			isa = PBXNativeTarget;
			buildConfigurationList = F5EE5E3E298FEC9000C41454 /* Build configuration list for PBXNativeTarget "Crew" */;
			buildPhases = (
				F5EE5E2C298FEC8F00C41454 /* Sources */,
				F5EE5E2D298FEC8F00C41454 /* Frameworks */,
				F5EE5E2E298FEC8F00C41454 /* Resources */,
			);
			buildRules = (
			);
			dependencies = (
			);
			name = Crew;
			packageProductDependencies = (
				590A078B299E1F2E006E9B7B /* FirebaseAnalytics */,
				590A078D299E1F2E006E9B7B /* FirebaseAuth */,
				590A078F299E1F2E006E9B7B /* FirebaseDatabase */,
				590A0791299E1F2E006E9B7B /* FirebaseFirestore */,
				590A0793299E1F2E006E9B7B /* FirebaseMessaging */,
				590A0795299E1F2E006E9B7B /* FirebaseStorage */,
				F5D0354429A38EAC005EE35D /* StreamChatSwiftUI */,
			);
			productName = Crew;
			productReference = F5EE5E30298FEC8F00C41454 /* Crew.app */;
			productType = "com.apple.product-type.application";
		};
/* End PBXNativeTarget section */

/* Begin PBXProject section */
		F5EE5E28298FEC8F00C41454 /* Project object */ = {
			isa = PBXProject;
			attributes = {
				BuildIndependentTargetsInParallel = 1;
				LastSwiftUpdateCheck = 1420;
				LastUpgradeCheck = 1420;
				TargetAttributes = {
					F5EE5E2F298FEC8F00C41454 = {
						CreatedOnToolsVersion = 14.2;
					};
				};
			};
			buildConfigurationList = F5EE5E2B298FEC8F00C41454 /* Build configuration list for PBXProject "Crew" */;
			compatibilityVersion = "Xcode 14.0";
			developmentRegion = en;
			hasScannedForEncodings = 0;
			knownRegions = (
				en,
				Base,
			);
			mainGroup = F5EE5E27298FEC8F00C41454;
			packageReferences = (
				590A078A299E1F2E006E9B7B /* XCRemoteSwiftPackageReference "firebase-ios-sdk" */,
				F5D0354329A38EAB005EE35D /* XCRemoteSwiftPackageReference "stream-chat-swiftui" */,
			);
			productRefGroup = F5EE5E31298FEC8F00C41454 /* Products */;
			projectDirPath = "";
			projectRoot = "";
			targets = (
				F5EE5E2F298FEC8F00C41454 /* Crew */,
			);
		};
/* End PBXProject section */

/* Begin PBXResourcesBuildPhase section */
		F5EE5E2E298FEC8F00C41454 /* Resources */ = {
			isa = PBXResourcesBuildPhase;
			buildActionMask = 2147483647;
			files = (
				F5EE5E3B298FEC9000C41454 /* Preview Assets.xcassets in Resources */,
				59C81CE229ABC5C7004FF4EA /* GoogleService-Info.plist in Resources */,
				F5EE5E38298FEC9000C41454 /* Assets.xcassets in Resources */,
			);
			runOnlyForDeploymentPostprocessing = 0;
		};
/* End PBXResourcesBuildPhase section */

/* Begin PBXSourcesBuildPhase section */
		F5EE5E2C298FEC8F00C41454 /* Sources */ = {
			isa = PBXSourcesBuildPhase;
			buildActionMask = 2147483647;
			files = (
				F5EE5E79299FC4E000C41454 /* contentview5.swift in Sources */,
				F5D0354729A39343005EE35D /* appchat.swift in Sources */,
				590A06DF29924314006E9B7B /* TabView.swift in Sources */,
				590A06DD29924234006E9B7B /* TabBar.swift in Sources */,
				F5EE5E76299FBCF700C41454 /* location.swift in Sources */,
				59C81CEC29AC2A98004FF4EA /* FormHeaderView.swift in Sources */,
				59C81CBB29ABB1EE004FF4EA /* SessionUserDetails.swift in Sources */,
				59C81CAF29ABB0EC004FF4EA /* CloseModifier.swift in Sources */,
				23BC416B29A4CE280075F0C8 /* TotallyNewView.swift in Sources */,
				590A06DB299231E6006E9B7B /* myOrderCardView.swift in Sources */,
				590A06D529918DD7006E9B7B /* headerView.swift in Sources */,
				23817ADA2994D99E001B54D6 /* OrderHistory.swift in Sources */,
				23BC416D29A4CEDD0075F0C8 /* pass.swift in Sources */,
				59C81CDE29ABB535004FF4EA /* LoginService.swift in Sources */,
				59C81CC229ABB26E004FF4EA /* ForgotPasswordService.swift in Sources */,
				590A06D7299194DB006E9B7B /* mainPage.swift in Sources */,
				59C81CC729ABB2DA004FF4EA /* HomeView.swift in Sources */,
				F5EE5E7F29A204B300C41454 /* register page.swift in Sources */,
				59C81CE729AC0BD8004FF4EA /* Order.swift in Sources */,
				F5EE5E4D299105CD00C41454 /* MainView.swift in Sources */,
				A4FF671829A9113E009B58A2 /* ChatH.swift in Sources */,
				59C81CB329ABB13E004FF4EA /* InputPasswordView.swift in Sources */,
				59C81CB529ABB16E004FF4EA /* ButtonView.swift in Sources */,
				59C81CCD29ABB340004FF4EA /* RegisterView.swift in Sources */,
				59C81CEA29AC278D004FF4EA /* CustomInputView.swift in Sources */,
				F5EE5E36298FEC8F00C41454 /* ContentView.swift in Sources */,
				590A079B299E2A53006E9B7B /* loginView.swift in Sources */,
				590A06D929919603006E9B7B /* orderCardView.swift in Sources */,
				590A0799299E21B8006E9B7B /* UserAuth.swift in Sources */,
				59C81CE029ABB556004FF4EA /* LoginViewModel.swift in Sources */,
				23BC416929A4CD8C0075F0C8 /* formH.swift in Sources */,
				F5EE5E34298FEC8F00C41454 /* CrewApp.swift in Sources */,
				F5EE5E7D29A2016F00C41454 /* login.swift in Sources */,
				59C81CB129ABB119004FF4EA /* InputTextFieldView.swift in Sources */,
				59C81CDA29ABB4ED004FF4EA /* LoginView.swift in Sources */,
				A4FF671A29A911A4009B58A2 /* chat.swift in Sources */,
				59C81CB929ABB1C9004FF4EA /* SessionService.swift in Sources */,
				59C81CD229ABB437004FF4EA /* RegistrationService.swift in Sources */,
				59C81CDC29ABB511004FF4EA /* LoginCredentials.swift in Sources */,
				59C81CAD29ABB0C5004FF4EA /* PreviewLayoutComponentModifier.swift in Sources */,
				F5EE5E6E2994CD0500C41454 /* FORM.swift in Sources */,
				59C81CC029ABB248004FF4EA /* ForgotPasswordView.swift in Sources */,
				59C81CD029ABB380004FF4EA /* RegistrationDetails.swift in Sources */,
				59C81CC429ABB28A004FF4EA /* ForgotPasswordViewModel.swift in Sources */,
				A4FF671C29A9121B009B58A2 /* messages1.swift in Sources */,
				59C81CD429ABB469004FF4EA /* RegistrationViewModel.swift in Sources */,
			);
			runOnlyForDeploymentPostprocessing = 0;
		};
/* End PBXSourcesBuildPhase section */

/* Begin XCBuildConfiguration section */
		F5EE5E3C298FEC9000C41454 /* Debug */ = {
			isa = XCBuildConfiguration;
			buildSettings = {
				ALWAYS_SEARCH_USER_PATHS = NO;
				CLANG_ANALYZER_NONNULL = YES;
				CLANG_ANALYZER_NUMBER_OBJECT_CONVERSION = YES_AGGRESSIVE;
				CLANG_CXX_LANGUAGE_STANDARD = "gnu++20";
				CLANG_ENABLE_MODULES = YES;
				CLANG_ENABLE_OBJC_ARC = YES;
				CLANG_ENABLE_OBJC_WEAK = YES;
				CLANG_WARN_BLOCK_CAPTURE_AUTORELEASING = YES;
				CLANG_WARN_BOOL_CONVERSION = YES;
				CLANG_WARN_COMMA = YES;
				CLANG_WARN_CONSTANT_CONVERSION = YES;
				CLANG_WARN_DEPRECATED_OBJC_IMPLEMENTATIONS = YES;
				CLANG_WARN_DIRECT_OBJC_ISA_USAGE = YES_ERROR;
				CLANG_WARN_DOCUMENTATION_COMMENTS = YES;
				CLANG_WARN_EMPTY_BODY = YES;
				CLANG_WARN_ENUM_CONVERSION = YES;
				CLANG_WARN_INFINITE_RECURSION = YES;
				CLANG_WARN_INT_CONVERSION = YES;
				CLANG_WARN_NON_LITERAL_NULL_CONVERSION = YES;
				CLANG_WARN_OBJC_IMPLICIT_RETAIN_SELF = YES;
				CLANG_WARN_OBJC_LITERAL_CONVERSION = YES;
				CLANG_WARN_OBJC_ROOT_CLASS = YES_ERROR;
				CLANG_WARN_QUOTED_INCLUDE_IN_FRAMEWORK_HEADER = YES;
				CLANG_WARN_RANGE_LOOP_ANALYSIS = YES;
				CLANG_WARN_STRICT_PROTOTYPES = YES;
				CLANG_WARN_SUSPICIOUS_MOVE = YES;
				CLANG_WARN_UNGUARDED_AVAILABILITY = YES_AGGRESSIVE;
				CLANG_WARN_UNREACHABLE_CODE = YES;
				CLANG_WARN__DUPLICATE_METHOD_MATCH = YES;
				COPY_PHASE_STRIP = NO;
				DEBUG_INFORMATION_FORMAT = dwarf;
				ENABLE_STRICT_OBJC_MSGSEND = YES;
				ENABLE_TESTABILITY = YES;
				GCC_C_LANGUAGE_STANDARD = gnu11;
				GCC_DYNAMIC_NO_PIC = NO;
				GCC_NO_COMMON_BLOCKS = YES;
				GCC_OPTIMIZATION_LEVEL = 0;
				GCC_PREPROCESSOR_DEFINITIONS = (
					"DEBUG=1",
					"$(inherited)",
				);
				GCC_WARN_64_TO_32_BIT_CONVERSION = YES;
				GCC_WARN_ABOUT_RETURN_TYPE = YES_ERROR;
				GCC_WARN_UNDECLARED_SELECTOR = YES;
				GCC_WARN_UNINITIALIZED_AUTOS = YES_AGGRESSIVE;
				GCC_WARN_UNUSED_FUNCTION = YES;
				GCC_WARN_UNUSED_VARIABLE = YES;
				IPHONEOS_DEPLOYMENT_TARGET = 16.2;
				MTL_ENABLE_DEBUG_INFO = INCLUDE_SOURCE;
				MTL_FAST_MATH = YES;
				ONLY_ACTIVE_ARCH = YES;
				SDKROOT = iphoneos;
				SWIFT_ACTIVE_COMPILATION_CONDITIONS = DEBUG;
				SWIFT_OPTIMIZATION_LEVEL = "-Onone";
			};
			name = Debug;
		};
		F5EE5E3D298FEC9000C41454 /* Release */ = {
			isa = XCBuildConfiguration;
			buildSettings = {
				ALWAYS_SEARCH_USER_PATHS = NO;
				CLANG_ANALYZER_NONNULL = YES;
				CLANG_ANALYZER_NUMBER_OBJECT_CONVERSION = YES_AGGRESSIVE;
				CLANG_CXX_LANGUAGE_STANDARD = "gnu++20";
				CLANG_ENABLE_MODULES = YES;
				CLANG_ENABLE_OBJC_ARC = YES;
				CLANG_ENABLE_OBJC_WEAK = YES;
				CLANG_WARN_BLOCK_CAPTURE_AUTORELEASING = YES;
				CLANG_WARN_BOOL_CONVERSION = YES;
				CLANG_WARN_COMMA = YES;
				CLANG_WARN_CONSTANT_CONVERSION = YES;
				CLANG_WARN_DEPRECATED_OBJC_IMPLEMENTATIONS = YES;
				CLANG_WARN_DIRECT_OBJC_ISA_USAGE = YES_ERROR;
				CLANG_WARN_DOCUMENTATION_COMMENTS = YES;
				CLANG_WARN_EMPTY_BODY = YES;
				CLANG_WARN_ENUM_CONVERSION = YES;
				CLANG_WARN_INFINITE_RECURSION = YES;
				CLANG_WARN_INT_CONVERSION = YES;
				CLANG_WARN_NON_LITERAL_NULL_CONVERSION = YES;
				CLANG_WARN_OBJC_IMPLICIT_RETAIN_SELF = YES;
				CLANG_WARN_OBJC_LITERAL_CONVERSION = YES;
				CLANG_WARN_OBJC_ROOT_CLASS = YES_ERROR;
				CLANG_WARN_QUOTED_INCLUDE_IN_FRAMEWORK_HEADER = YES;
				CLANG_WARN_RANGE_LOOP_ANALYSIS = YES;
				CLANG_WARN_STRICT_PROTOTYPES = YES;
				CLANG_WARN_SUSPICIOUS_MOVE = YES;
				CLANG_WARN_UNGUARDED_AVAILABILITY = YES_AGGRESSIVE;
				CLANG_WARN_UNREACHABLE_CODE = YES;
				CLANG_WARN__DUPLICATE_METHOD_MATCH = YES;
				COPY_PHASE_STRIP = NO;
				DEBUG_INFORMATION_FORMAT = "dwarf-with-dsym";
				ENABLE_NS_ASSERTIONS = NO;
				ENABLE_STRICT_OBJC_MSGSEND = YES;
				GCC_C_LANGUAGE_STANDARD = gnu11;
				GCC_NO_COMMON_BLOCKS = YES;
				GCC_WARN_64_TO_32_BIT_CONVERSION = YES;
				GCC_WARN_ABOUT_RETURN_TYPE = YES_ERROR;
				GCC_WARN_UNDECLARED_SELECTOR = YES;
				GCC_WARN_UNINITIALIZED_AUTOS = YES_AGGRESSIVE;
				GCC_WARN_UNUSED_FUNCTION = YES;
				GCC_WARN_UNUSED_VARIABLE = YES;
				IPHONEOS_DEPLOYMENT_TARGET = 16.2;
				MTL_ENABLE_DEBUG_INFO = NO;
				MTL_FAST_MATH = YES;
				SDKROOT = iphoneos;
				SWIFT_COMPILATION_MODE = wholemodule;
				SWIFT_OPTIMIZATION_LEVEL = "-O";
				VALIDATE_PRODUCT = YES;
			};
			name = Release;
		};
		F5EE5E3F298FEC9000C41454 /* Debug */ = {
			isa = XCBuildConfiguration;
			buildSettings = {
				ASSETCATALOG_COMPILER_APPICON_NAME = AppIcon;
				ASSETCATALOG_COMPILER_GLOBAL_ACCENT_COLOR_NAME = AccentColor;
				CODE_SIGN_ENTITLEMENTS = Crew/Crew.entitlements;
				CODE_SIGN_STYLE = Automatic;
				CURRENT_PROJECT_VERSION = 1;
				DEVELOPMENT_ASSET_PATHS = "\"Crew/Preview Content\"";
				DEVELOPMENT_TEAM = 686H3J2SCC;
				ENABLE_PREVIEWS = YES;
				GENERATE_INFOPLIST_FILE = YES;
				INFOPLIST_FILE = Crew/Info.plist;
				INFOPLIST_KEY_NSLocationAlwaysAndWhenInUseUsageDescription = "App needs to access your location data to tell you your location ";
				INFOPLIST_KEY_NSLocationWhenInUseUsageDescription = "App needs to access your location data to tell you your location ";
				INFOPLIST_KEY_UIApplicationSceneManifest_Generation = YES;
				INFOPLIST_KEY_UIApplicationSupportsIndirectInputEvents = YES;
				INFOPLIST_KEY_UILaunchScreen_Generation = YES;
				INFOPLIST_KEY_UISupportedInterfaceOrientations_iPad = "UIInterfaceOrientationPortrait UIInterfaceOrientationPortraitUpsideDown UIInterfaceOrientationLandscapeLeft UIInterfaceOrientationLandscapeRight";
				INFOPLIST_KEY_UISupportedInterfaceOrientations_iPhone = "UIInterfaceOrientationPortrait UIInterfaceOrientationLandscapeLeft UIInterfaceOrientationLandscapeRight";
				IPHONEOS_DEPLOYMENT_TARGET = 16.0;
				LD_RUNPATH_SEARCH_PATHS = (
					"$(inherited)",
					"@executable_path/Frameworks",
				);
				MARKETING_VERSION = 1.0;
				PRODUCT_BUNDLE_IDENTIFIER = com.Alaa.HungerBuddy;
				PRODUCT_NAME = "$(TARGET_NAME)";
				SWIFT_EMIT_LOC_STRINGS = YES;
				SWIFT_VERSION = 5.0;
				TARGETED_DEVICE_FAMILY = "1,2";
			};
			name = Debug;
		};
		F5EE5E40298FEC9000C41454 /* Release */ = {
			isa = XCBuildConfiguration;
			buildSettings = {
				ASSETCATALOG_COMPILER_APPICON_NAME = AppIcon;
				ASSETCATALOG_COMPILER_GLOBAL_ACCENT_COLOR_NAME = AccentColor;
				CODE_SIGN_ENTITLEMENTS = Crew/Crew.entitlements;
				CODE_SIGN_STYLE = Automatic;
				CURRENT_PROJECT_VERSION = 1;
				DEVELOPMENT_ASSET_PATHS = "\"Crew/Preview Content\"";
				DEVELOPMENT_TEAM = 686H3J2SCC;
				ENABLE_PREVIEWS = YES;
				GENERATE_INFOPLIST_FILE = YES;
				INFOPLIST_FILE = Crew/Info.plist;
				INFOPLIST_KEY_NSLocationAlwaysAndWhenInUseUsageDescription = "App needs to access your location data to tell you your location ";
				INFOPLIST_KEY_NSLocationWhenInUseUsageDescription = "App needs to access your location data to tell you your location ";
				INFOPLIST_KEY_UIApplicationSceneManifest_Generation = YES;
				INFOPLIST_KEY_UIApplicationSupportsIndirectInputEvents = YES;
				INFOPLIST_KEY_UILaunchScreen_Generation = YES;
				INFOPLIST_KEY_UISupportedInterfaceOrientations_iPad = "UIInterfaceOrientationPortrait UIInterfaceOrientationPortraitUpsideDown UIInterfaceOrientationLandscapeLeft UIInterfaceOrientationLandscapeRight";
				INFOPLIST_KEY_UISupportedInterfaceOrientations_iPhone = "UIInterfaceOrientationPortrait UIInterfaceOrientationLandscapeLeft UIInterfaceOrientationLandscapeRight";
				IPHONEOS_DEPLOYMENT_TARGET = 16.0;
				LD_RUNPATH_SEARCH_PATHS = (
					"$(inherited)",
					"@executable_path/Frameworks",
				);
				MARKETING_VERSION = 1.0;
				PRODUCT_BUNDLE_IDENTIFIER = com.Alaa.HungerBuddy;
				PRODUCT_NAME = "$(TARGET_NAME)";
				SWIFT_EMIT_LOC_STRINGS = YES;
				SWIFT_VERSION = 5.0;
				TARGETED_DEVICE_FAMILY = "1,2";
			};
			name = Release;
		};
/* End XCBuildConfiguration section */

/* Begin XCConfigurationList section */
		F5EE5E2B298FEC8F00C41454 /* Build configuration list for PBXProject "Crew" */ = {
			isa = XCConfigurationList;
			buildConfigurations = (
				F5EE5E3C298FEC9000C41454 /* Debug */,
				F5EE5E3D298FEC9000C41454 /* Release */,
			);
			defaultConfigurationIsVisible = 0;
			defaultConfigurationName = Release;
		};
		F5EE5E3E298FEC9000C41454 /* Build configuration list for PBXNativeTarget "Crew" */ = {
			isa = XCConfigurationList;
			buildConfigurations = (
				F5EE5E3F298FEC9000C41454 /* Debug */,
				F5EE5E40298FEC9000C41454 /* Release */,
			);
			defaultConfigurationIsVisible = 0;
			defaultConfigurationName = Release;
		};
/* End XCConfigurationList section */

/* Begin XCRemoteSwiftPackageReference section */
		590A078A299E1F2E006E9B7B /* XCRemoteSwiftPackageReference "firebase-ios-sdk" */ = {
			isa = XCRemoteSwiftPackageReference;
			repositoryURL = "https://github.com/firebase/firebase-ios-sdk";
			requirement = {
				kind = upToNextMajorVersion;
				minimumVersion = 9.0.0;
			};
		};
		F5D0354329A38EAB005EE35D /* XCRemoteSwiftPackageReference "stream-chat-swiftui" */ = {
			isa = XCRemoteSwiftPackageReference;
			repositoryURL = "https://github.com/getstream/stream-chat-swiftui";
			requirement = {
				branch = main;
				kind = branch;
			};
		};
/* End XCRemoteSwiftPackageReference section */

/* Begin XCSwiftPackageProductDependency section */
		590A078B299E1F2E006E9B7B /* FirebaseAnalytics */ = {
			isa = XCSwiftPackageProductDependency;
			package = 590A078A299E1F2E006E9B7B /* XCRemoteSwiftPackageReference "firebase-ios-sdk" */;
			productName = FirebaseAnalytics;
		};
		590A078D299E1F2E006E9B7B /* FirebaseAuth */ = {
			isa = XCSwiftPackageProductDependency;
			package = 590A078A299E1F2E006E9B7B /* XCRemoteSwiftPackageReference "firebase-ios-sdk" */;
			productName = FirebaseAuth;
		};
		590A078F299E1F2E006E9B7B /* FirebaseDatabase */ = {
			isa = XCSwiftPackageProductDependency;
			package = 590A078A299E1F2E006E9B7B /* XCRemoteSwiftPackageReference "firebase-ios-sdk" */;
			productName = FirebaseDatabase;
		};
		590A0791299E1F2E006E9B7B /* FirebaseFirestore */ = {
			isa = XCSwiftPackageProductDependency;
			package = 590A078A299E1F2E006E9B7B /* XCRemoteSwiftPackageReference "firebase-ios-sdk" */;
			productName = FirebaseFirestore;
		};
		590A0793299E1F2E006E9B7B /* FirebaseMessaging */ = {
			isa = XCSwiftPackageProductDependency;
			package = 590A078A299E1F2E006E9B7B /* XCRemoteSwiftPackageReference "firebase-ios-sdk" */;
			productName = FirebaseMessaging;
		};
		590A0795299E1F2E006E9B7B /* FirebaseStorage */ = {
			isa = XCSwiftPackageProductDependency;
			package = 590A078A299E1F2E006E9B7B /* XCRemoteSwiftPackageReference "firebase-ios-sdk" */;
			productName = FirebaseStorage;
		};
		F5D0354429A38EAC005EE35D /* StreamChatSwiftUI */ = {
			isa = XCSwiftPackageProductDependency;
			package = F5D0354329A38EAB005EE35D /* XCRemoteSwiftPackageReference "stream-chat-swiftui" */;
			productName = StreamChatSwiftUI;
		};
/* End XCSwiftPackageProductDependency section */
	};
	rootObject = F5EE5E28298FEC8F00C41454 /* Project object */;
}
