// !$*UTF8*$!
{
	archiveVersion = 1;
	classes = {
	};
	objectVersion = 56;
	objects = {

/* Begin PBXBuildFile section */
		590A06D529918DD7006E9B7B /* headerView.swift in Sources */ = {isa = PBXBuildFile; fileRef = 590A06D429918DD7006E9B7B /* headerView.swift */; };
		590A06D7299194DB006E9B7B /* mainPage.swift in Sources */ = {isa = PBXBuildFile; fileRef = 590A06D6299194DB006E9B7B /* mainPage.swift */; };
		590A06D929919603006E9B7B /* orderCard.swift in Sources */ = {isa = PBXBuildFile; fileRef = 590A06D829919603006E9B7B /* orderCard.swift */; };
		F5EE5E34298FEC8F00C41454 /* CrewApp.swift in Sources */ = {isa = PBXBuildFile; fileRef = F5EE5E33298FEC8F00C41454 /* CrewApp.swift */; };
		F5EE5E36298FEC8F00C41454 /* ContentView.swift in Sources */ = {isa = PBXBuildFile; fileRef = F5EE5E35298FEC8F00C41454 /* ContentView.swift */; };
		F5EE5E38298FEC9000C41454 /* Assets.xcassets in Resources */ = {isa = PBXBuildFile; fileRef = F5EE5E37298FEC9000C41454 /* Assets.xcassets */; };
		F5EE5E3B298FEC9000C41454 /* Preview Assets.xcassets in Resources */ = {isa = PBXBuildFile; fileRef = F5EE5E3A298FEC9000C41454 /* Preview Assets.xcassets */; };
		F5EE5E4D299105CD00C41454 /* MainView.swift in Sources */ = {isa = PBXBuildFile; fileRef = F5EE5E4C299105CD00C41454 /* MainView.swift */; };
		F5EE5E4F2991060700C41454 /* ViewForm.swift in Sources */ = {isa = PBXBuildFile; fileRef = F5EE5E4E2991060700C41454 /* ViewForm.swift */; };
		F5EE5E522992246700C41454 /* viewform2.swift in Sources */ = {isa = PBXBuildFile; fileRef = F5EE5E512992246700C41454 /* viewform2.swift */; };
/* End PBXBuildFile section */

/* Begin PBXFileReference section */
		590A06D429918DD7006E9B7B /* headerView.swift */ = {isa = PBXFileReference; lastKnownFileType = sourcecode.swift; path = headerView.swift; sourceTree = "<group>"; };
		590A06D6299194DB006E9B7B /* mainPage.swift */ = {isa = PBXFileReference; lastKnownFileType = sourcecode.swift; path = mainPage.swift; sourceTree = "<group>"; };
		590A06D829919603006E9B7B /* orderCard.swift */ = {isa = PBXFileReference; lastKnownFileType = sourcecode.swift; path = orderCard.swift; sourceTree = "<group>"; };
		F5EE5E30298FEC8F00C41454 /* Crew.app */ = {isa = PBXFileReference; explicitFileType = wrapper.application; includeInIndex = 0; path = Crew.app; sourceTree = BUILT_PRODUCTS_DIR; };
		F5EE5E33298FEC8F00C41454 /* CrewApp.swift */ = {isa = PBXFileReference; lastKnownFileType = sourcecode.swift; path = CrewApp.swift; sourceTree = "<group>"; };
		F5EE5E35298FEC8F00C41454 /* ContentView.swift */ = {isa = PBXFileReference; lastKnownFileType = sourcecode.swift; path = ContentView.swift; sourceTree = "<group>"; };
		F5EE5E37298FEC9000C41454 /* Assets.xcassets */ = {isa = PBXFileReference; lastKnownFileType = folder.assetcatalog; path = Assets.xcassets; sourceTree = "<group>"; };
		F5EE5E3A298FEC9000C41454 /* Preview Assets.xcassets */ = {isa = PBXFileReference; lastKnownFileType = folder.assetcatalog; path = "Preview Assets.xcassets"; sourceTree = "<group>"; };
		F5EE5E4C299105CD00C41454 /* MainView.swift */ = {isa = PBXFileReference; lastKnownFileType = sourcecode.swift; path = MainView.swift; sourceTree = "<group>"; };
		F5EE5E4E2991060700C41454 /* ViewForm.swift */ = {isa = PBXFileReference; lastKnownFileType = sourcecode.swift; path = ViewForm.swift; sourceTree = "<group>"; };
		F5EE5E512992246700C41454 /* viewform2.swift */ = {isa = PBXFileReference; lastKnownFileType = sourcecode.swift; path = viewform2.swift; sourceTree = "<group>"; };
/* End PBXFileReference section */

/* Begin PBXFrameworksBuildPhase section */
		F5EE5E2D298FEC8F00C41454 /* Frameworks */ = {
			isa = PBXFrameworksBuildPhase;
			buildActionMask = 2147483647;
			files = (
			);
			runOnlyForDeploymentPostprocessing = 0;
		};
/* End PBXFrameworksBuildPhase section */

/* Begin PBXGroup section */
		590A06CB299100AF006E9B7B /* Component */ = {
			isa = PBXGroup;
			children = (
				590A06D429918DD7006E9B7B /* headerView.swift */,
				590A06D829919603006E9B7B /* orderCard.swift */,
			);
			path = Component;
			sourceTree = "<group>";
		};
		F5EE5E27298FEC8F00C41454 = {
			isa = PBXGroup;
			children = (
				F5EE5E32298FEC8F00C41454 /* Crew */,
				F5EE5E31298FEC8F00C41454 /* Products */,
				F5EE5E4B2991059700C41454 /* Recovered References */,
			);
			sourceTree = "<group>";
		};
		F5EE5E31298FEC8F00C41454 /* Products */ = {
			isa = PBXGroup;
			children = (
				F5EE5E30298FEC8F00C41454 /* Crew.app */,
			);
			name = Products;
			sourceTree = "<group>";
		};
		F5EE5E32298FEC8F00C41454 /* Crew */ = {
			isa = PBXGroup;
			children = (
				F5EE5E33298FEC8F00C41454 /* CrewApp.swift */,
				F5EE5E35298FEC8F00C41454 /* ContentView.swift */,
				F5EE5E4C299105CD00C41454 /* MainView.swift */,
				590A06C92991009A006E9B7B /* mainPage.swift */,
				F5EE5E4E2991060700C41454 /* ViewForm.swift */,
				590A06D6299194DB006E9B7B /* mainPage.swift */,
				590A06CB299100AF006E9B7B /* Component */,
				F5EE5E37298FEC9000C41454 /* Assets.xcassets */,
				F5EE5E39298FEC9000C41454 /* Preview Content */,
			);
			path = Crew;
			sourceTree = "<group>";
		};
		F5EE5E39298FEC9000C41454 /* Preview Content */ = {
			isa = PBXGroup;
			children = (
				F5EE5E3A298FEC9000C41454 /* Preview Assets.xcassets */,
			);
			path = "Preview Content";
			sourceTree = "<group>";
		};
		F5EE5E4B2991059700C41454 /* Recovered References */ = {
			isa = PBXGroup;
			children = (
			);
			name = "Recovered References";
			sourceTree = "<group>";
		};
/* End PBXGroup section */

/* Begin PBXNativeTarget section */
		F5EE5E2F298FEC8F00C41454 /* Crew */ = {
			isa = PBXNativeTarget;
			buildConfigurationList = F5EE5E3E298FEC9000C41454 /* Build configuration list for PBXNativeTarget "Crew" */;
			buildPhases = (
				F5EE5E2C298FEC8F00C41454 /* Sources */,
				F5EE5E2D298FEC8F00C41454 /* Frameworks */,
				F5EE5E2E298FEC8F00C41454 /* Resources */,
			);
			buildRules = (
			);
			dependencies = (
			);
			name = Crew;
			productName = Crew;
			productReference = F5EE5E30298FEC8F00C41454 /* Crew.app */;
			productType = "com.apple.product-type.application";
		};
/* End PBXNativeTarget section */

/* Begin PBXProject section */
		F5EE5E28298FEC8F00C41454 /* Project object */ = {
			isa = PBXProject;
			attributes = {
				BuildIndependentTargetsInParallel = 1;
				LastSwiftUpdateCheck = 1420;
				LastUpgradeCheck = 1420;
				TargetAttributes = {
					F5EE5E2F298FEC8F00C41454 = {
						CreatedOnToolsVersion = 14.2;
					};
				};
			};
			buildConfigurationList = F5EE5E2B298FEC8F00C41454 /* Build configuration list for PBXProject "Crew" */;
			compatibilityVersion = "Xcode 14.0";
			developmentRegion = en;
			hasScannedForEncodings = 0;
			knownRegions = (
				en,
				Base,
			);
			mainGroup = F5EE5E27298FEC8F00C41454;
			productRefGroup = F5EE5E31298FEC8F00C41454 /* Products */;
			projectDirPath = "";
			projectRoot = "";
			targets = (
				F5EE5E2F298FEC8F00C41454 /* Crew */,
			);
		};
/* End PBXProject section */

/* Begin PBXResourcesBuildPhase section */
		F5EE5E2E298FEC8F00C41454 /* Resources */ = {
			isa = PBXResourcesBuildPhase;
			buildActionMask = 2147483647;
			files = (
				F5EE5E3B298FEC9000C41454 /* Preview Assets.xcassets in Resources */,
				F5EE5E38298FEC9000C41454 /* Assets.xcassets in Resources */,
			);
			runOnlyForDeploymentPostprocessing = 0;
		};
/* End PBXResourcesBuildPhase section */

/* Begin PBXSourcesBuildPhase section */
		F5EE5E2C298FEC8F00C41454 /* Sources */ = {
			isa = PBXSourcesBuildPhase;
			buildActionMask = 2147483647;
			files = (
				590A06D529918DD7006E9B7B /* headerView.swift in Sources */,
				590A06D7299194DB006E9B7B /* mainPage.swift in Sources */,
				F5EE5E4D299105CD00C41454 /* MainView.swift in Sources */,
				F5EE5E36298FEC8F00C41454 /* ContentView.swift in Sources */,
				590A06D929919603006E9B7B /* orderCard.swift in Sources */,
				F5EE5E34298FEC8F00C41454 /* CrewApp.swift in Sources */,
				F5EE5E4F2991060700C41454 /* ViewForm.swift in Sources */,
			);
			runOnlyForDeploymentPostprocessing = 0;
		};
/* End PBXSourcesBuildPhase section */

/* Begin XCBuildConfiguration section */
		F5EE5E3C298FEC9000C41454 /* Debug */ = {
			isa = XCBuildConfiguration;
			buildSettings = {
				ALWAYS_SEARCH_USER_PATHS = NO;
				CLANG_ANALYZER_NONNULL = YES;
				CLANG_ANALYZER_NUMBER_OBJECT_CONVERSION = YES_AGGRESSIVE;
				CLANG_CXX_LANGUAGE_STANDARD = "gnu++20";
				CLANG_ENABLE_MODULES = YES;
				CLANG_ENABLE_OBJC_ARC = YES;
				CLANG_ENABLE_OBJC_WEAK = YES;
				CLANG_WARN_BLOCK_CAPTURE_AUTORELEASING = YES;
				CLANG_WARN_BOOL_CONVERSION = YES;
				CLANG_WARN_COMMA = YES;
				CLANG_WARN_CONSTANT_CONVERSION = YES;
				CLANG_WARN_DEPRECATED_OBJC_IMPLEMENTATIONS = YES;
				CLANG_WARN_DIRECT_OBJC_ISA_USAGE = YES_ERROR;
				CLANG_WARN_DOCUMENTATION_COMMENTS = YES;
				CLANG_WARN_EMPTY_BODY = YES;
				CLANG_WARN_ENUM_CONVERSION = YES;
				CLANG_WARN_INFINITE_RECURSION = YES;
				CLANG_WARN_INT_CONVERSION = YES;
				CLANG_WARN_NON_LITERAL_NULL_CONVERSION = YES;
				CLANG_WARN_OBJC_IMPLICIT_RETAIN_SELF = YES;
				CLANG_WARN_OBJC_LITERAL_CONVERSION = YES;
				CLANG_WARN_OBJC_ROOT_CLASS = YES_ERROR;
				CLANG_WARN_QUOTED_INCLUDE_IN_FRAMEWORK_HEADER = YES;
				CLANG_WARN_RANGE_LOOP_ANALYSIS = YES;
				CLANG_WARN_STRICT_PROTOTYPES = YES;
				CLANG_WARN_SUSPICIOUS_MOVE = YES;
				CLANG_WARN_UNGUARDED_AVAILABILITY = YES_AGGRESSIVE;
				CLANG_WARN_UNREACHABLE_CODE = YES;
				CLANG_WARN__DUPLICATE_METHOD_MATCH = YES;
				COPY_PHASE_STRIP = NO;
				DEBUG_INFORMATION_FORMAT = dwarf;
				ENABLE_STRICT_OBJC_MSGSEND = YES;
				ENABLE_TESTABILITY = YES;
				GCC_C_LANGUAGE_STANDARD = gnu11;
				GCC_DYNAMIC_NO_PIC = NO;
				GCC_NO_COMMON_BLOCKS = YES;
				GCC_OPTIMIZATION_LEVEL = 0;
				GCC_PREPROCESSOR_DEFINITIONS = (
					"DEBUG=1",
					"$(inherited)",
				);
				GCC_WARN_64_TO_32_BIT_CONVERSION = YES;
				GCC_WARN_ABOUT_RETURN_TYPE = YES_ERROR;
				GCC_WARN_UNDECLARED_SELECTOR = YES;
				GCC_WARN_UNINITIALIZED_AUTOS = YES_AGGRESSIVE;
				GCC_WARN_UNUSED_FUNCTION = YES;
				GCC_WARN_UNUSED_VARIABLE = YES;
				IPHONEOS_DEPLOYMENT_TARGET = 16.2;
				MTL_ENABLE_DEBUG_INFO = INCLUDE_SOURCE;
				MTL_FAST_MATH = YES;
				ONLY_ACTIVE_ARCH = YES;
				SDKROOT = iphoneos;
				SWIFT_ACTIVE_COMPILATION_CONDITIONS = DEBUG;
				SWIFT_OPTIMIZATION_LEVEL = "-Onone";
			};
			name = Debug;
		};
		F5EE5E3D298FEC9000C41454 /* Release */ = {
			isa = XCBuildConfiguration;
			buildSettings = {
				ALWAYS_SEARCH_USER_PATHS = NO;
				CLANG_ANALYZER_NONNULL = YES;
				CLANG_ANALYZER_NUMBER_OBJECT_CONVERSION = YES_AGGRESSIVE;
				CLANG_CXX_LANGUAGE_STANDARD = "gnu++20";
				CLANG_ENABLE_MODULES = YES;
				CLANG_ENABLE_OBJC_ARC = YES;
				CLANG_ENABLE_OBJC_WEAK = YES;
				CLANG_WARN_BLOCK_CAPTURE_AUTORELEASING = YES;
				CLANG_WARN_BOOL_CONVERSION = YES;
				CLANG_WARN_COMMA = YES;
				CLANG_WARN_CONSTANT_CONVERSION = YES;
				CLANG_WARN_DEPRECATED_OBJC_IMPLEMENTATIONS = YES;
				CLANG_WARN_DIRECT_OBJC_ISA_USAGE = YES_ERROR;
				CLANG_WARN_DOCUMENTATION_COMMENTS = YES;
				CLANG_WARN_EMPTY_BODY = YES;
				CLANG_WARN_ENUM_CONVERSION = YES;
				CLANG_WARN_INFINITE_RECURSION = YES;
				CLANG_WARN_INT_CONVERSION = YES;
				CLANG_WARN_NON_LITERAL_NULL_CONVERSION = YES;
				CLANG_WARN_OBJC_IMPLICIT_RETAIN_SELF = YES;
				CLANG_WARN_OBJC_LITERAL_CONVERSION = YES;
				CLANG_WARN_OBJC_ROOT_CLASS = YES_ERROR;
				CLANG_WARN_QUOTED_INCLUDE_IN_FRAMEWORK_HEADER = YES;
				CLANG_WARN_RANGE_LOOP_ANALYSIS = YES;
				CLANG_WARN_STRICT_PROTOTYPES = YES;
				CLANG_WARN_SUSPICIOUS_MOVE = YES;
				CLANG_WARN_UNGUARDED_AVAILABILITY = YES_AGGRESSIVE;
				CLANG_WARN_UNREACHABLE_CODE = YES;
				CLANG_WARN__DUPLICATE_METHOD_MATCH = YES;
				COPY_PHASE_STRIP = NO;
				DEBUG_INFORMATION_FORMAT = "dwarf-with-dsym";
				ENABLE_NS_ASSERTIONS = NO;
				ENABLE_STRICT_OBJC_MSGSEND = YES;
				GCC_C_LANGUAGE_STANDARD = gnu11;
				GCC_NO_COMMON_BLOCKS = YES;
				GCC_WARN_64_TO_32_BIT_CONVERSION = YES;
				GCC_WARN_ABOUT_RETURN_TYPE = YES_ERROR;
				GCC_WARN_UNDECLARED_SELECTOR = YES;
				GCC_WARN_UNINITIALIZED_AUTOS = YES_AGGRESSIVE;
				GCC_WARN_UNUSED_FUNCTION = YES;
				GCC_WARN_UNUSED_VARIABLE = YES;
				IPHONEOS_DEPLOYMENT_TARGET = 16.2;
				MTL_ENABLE_DEBUG_INFO = NO;
				MTL_FAST_MATH = YES;
				SDKROOT = iphoneos;
				SWIFT_COMPILATION_MODE = wholemodule;
				SWIFT_OPTIMIZATION_LEVEL = "-O";
				VALIDATE_PRODUCT = YES;
			};
			name = Release;
		};
		F5EE5E3F298FEC9000C41454 /* Debug */ = {
			isa = XCBuildConfiguration;
			buildSettings = {
				ASSETCATALOG_COMPILER_APPICON_NAME = AppIcon;
				ASSETCATALOG_COMPILER_GLOBAL_ACCENT_COLOR_NAME = AccentColor;
				CODE_SIGN_STYLE = Automatic;
				CURRENT_PROJECT_VERSION = 1;
				DEVELOPMENT_ASSET_PATHS = "\"Crew/Preview Content\"";
				ENABLE_PREVIEWS = YES;
				GENERATE_INFOPLIST_FILE = YES;
				INFOPLIST_KEY_UIApplicationSceneManifest_Generation = YES;
				INFOPLIST_KEY_UIApplicationSupportsIndirectInputEvents = YES;
				INFOPLIST_KEY_UILaunchScreen_Generation = YES;
				INFOPLIST_KEY_UISupportedInterfaceOrientations_iPad = "UIInterfaceOrientationPortrait UIInterfaceOrientationPortraitUpsideDown UIInterfaceOrientationLandscapeLeft UIInterfaceOrientationLandscapeRight";
				INFOPLIST_KEY_UISupportedInterfaceOrientations_iPhone = "UIInterfaceOrientationPortrait UIInterfaceOrientationLandscapeLeft UIInterfaceOrientationLandscapeRight";
				IPHONEOS_DEPLOYMENT_TARGET = 16.0;
				LD_RUNPATH_SEARCH_PATHS = (
					"$(inherited)",
					"@executable_path/Frameworks",
				);
				MARKETING_VERSION = 1.0;
				PRODUCT_BUNDLE_IDENTIFIER = "dinakhaled1999-outlook.com.Crew";
				PRODUCT_NAME = "$(TARGET_NAME)";
				SWIFT_EMIT_LOC_STRINGS = YES;
				SWIFT_VERSION = 5.0;
				TARGETED_DEVICE_FAMILY = "1,2";
			};
			name = Debug;
		};
		F5EE5E40298FEC9000C41454 /* Release */ = {
			isa = XCBuildConfiguration;
			buildSettings = {
				ASSETCATALOG_COMPILER_APPICON_NAME = AppIcon;
				ASSETCATALOG_COMPILER_GLOBAL_ACCENT_COLOR_NAME = AccentColor;
				CODE_SIGN_STYLE = Automatic;
				CURRENT_PROJECT_VERSION = 1;
				DEVELOPMENT_ASSET_PATHS = "\"Crew/Preview Content\"";
				ENABLE_PREVIEWS = YES;
				GENERATE_INFOPLIST_FILE = YES;
				INFOPLIST_KEY_UIApplicationSceneManifest_Generation = YES;
				INFOPLIST_KEY_UIApplicationSupportsIndirectInputEvents = YES;
				INFOPLIST_KEY_UILaunchScreen_Generation = YES;
				INFOPLIST_KEY_UISupportedInterfaceOrientations_iPad = "UIInterfaceOrientationPortrait UIInterfaceOrientationPortraitUpsideDown UIInterfaceOrientationLandscapeLeft UIInterfaceOrientationLandscapeRight";
				INFOPLIST_KEY_UISupportedInterfaceOrientations_iPhone = "UIInterfaceOrientationPortrait UIInterfaceOrientationLandscapeLeft UIInterfaceOrientationLandscapeRight";
				IPHONEOS_DEPLOYMENT_TARGET = 16.0;
				LD_RUNPATH_SEARCH_PATHS = (
					"$(inherited)",
					"@executable_path/Frameworks",
				);
				MARKETING_VERSION = 1.0;
				PRODUCT_BUNDLE_IDENTIFIER = "dinakhaled1999-outlook.com.Crew";
				PRODUCT_NAME = "$(TARGET_NAME)";
				SWIFT_EMIT_LOC_STRINGS = YES;
				SWIFT_VERSION = 5.0;
				TARGETED_DEVICE_FAMILY = "1,2";
			};
			name = Release;
		};
/* End XCBuildConfiguration section */

/* Begin XCConfigurationList section */
		F5EE5E2B298FEC8F00C41454 /* Build configuration list for PBXProject "Crew" */ = {
			isa = XCConfigurationList;
			buildConfigurations = (
				F5EE5E3C298FEC9000C41454 /* Debug */,
				F5EE5E3D298FEC9000C41454 /* Release */,
			);
			defaultConfigurationIsVisible = 0;
			defaultConfigurationName = Release;
		};
		F5EE5E3E298FEC9000C41454 /* Build configuration list for PBXNativeTarget "Crew" */ = {
			isa = XCConfigurationList;
			buildConfigurations = (
				F5EE5E3F298FEC9000C41454 /* Debug */,
				F5EE5E40298FEC9000C41454 /* Release */,
			);
			defaultConfigurationIsVisible = 0;
			defaultConfigurationName = Release;
		};
/* End XCConfigurationList section */
	};
	rootObject = F5EE5E28298FEC8F00C41454 /* Project object */;
}
